
Microsoft Visual Studio Solution File, Format Version 12.00
# Visual Studio Version 17
VisualStudioVersion = 17.9.34616.47
MinimumVisualStudioVersion = 10.0.40219.1
Project("{9A19103F-16F7-4668-BE54-9A1E7A4F7556}") = "HttpRequest", "HttpRequest.csproj", "{CFB5A37A-87A3-42BB-8F77-261171A0EBF2}"
EndProject
Global
	GlobalSection(SolutionConfigurationPlatforms) = preSolution
		Debug|Any CPU = Debug|Any CPU
		Release|Any CPU = Release|Any CPU
	EndGlobalSection
	GlobalSection(ProjectConfigurationPlatforms) = postSolution
		{CFB5A37A-87A3-42BB-8F77-261171A0EBF2}.Debug|Any CPU.ActiveCfg = Debug|Any CPU
		{CFB5A37A-87A3-42BB-8F77-261171A0EBF2}.Debug|Any CPU.Build.0 = Debug|Any CPU
		{CFB5A37A-87A3-42BB-8F77-261171A0EBF2}.Release|Any CPU.ActiveCfg = Release|Any CPU
		{CFB5A37A-87A3-42BB-8F77-261171A0EBF2}.Release|Any CPU.Build.0 = Release|Any CPU
	EndGlobalSection
	GlobalSection(SolutionProperties) = preSolution
		HideSolutionNode = FALSE
	EndGlobalSection
	GlobalSection(ExtensibilityGlobals) = postSolution
		SolutionGuid = {3500925A-1D2F-4AFA-B104-FAF0839FD5EA}
	EndGlobalSection
EndGlobal
